
Microsoft Visual Studio Solution File, Format Version 12.00
# Visual Studio Version 17
VisualStudioVersion = 17.5.2.0
MinimumVisualStudioVersion = 10.0.40219.1
Project("{2150E333-8FDC-42A3-9474-1A3956D46DE8}") = "src", "src", "{A1B2C3D4-E5F6-7890-ABCD-EF1234567890}"
EndProject
Project("{FAE04EC0-301F-11D3-BF4B-00C04F79EFBC}") = "ScvmBot.Bot", "src\ScvmBot.Bot\ScvmBot.Bot.csproj", "{B2C3D4E5-F6A7-8901-BCDE-F12345678901}"
EndProject
Project("{FAE04EC0-301F-11D3-BF4B-00C04F79EFBC}") = "ScvmBot.Cli", "src\ScvmBot.Cli\ScvmBot.Cli.csproj", "{B13888DA-B2D5-4201-9144-40FA24D3DA6A}"
EndProject
Project("{FAE04EC0-301F-11D3-BF4B-00C04F79EFBC}") = "ScvmBot.Games.MorkBorg", "src\ScvmBot.Games.MorkBorg\ScvmBot.Games.MorkBorg.csproj", "{F6A7B8C9-D0E1-2345-F012-456789012345}"
EndProject
Project("{FAE04EC0-301F-11D3-BF4B-00C04F79EFBC}") = "ScvmBot.Games.MorkBorg.Pdf", "src\ScvmBot.Games.MorkBorg.Pdf\ScvmBot.Games.MorkBorg.Pdf.csproj", "{A9B0C1D2-E3F4-5678-9ABC-DEF012345678}"
EndProject
Project("{FAE04EC0-301F-11D3-BF4B-00C04F79EFBC}") = "ScvmBot.Modules", "src\ScvmBot.Modules\ScvmBot.Modules.csproj", "{C4D5E6F7-A8B9-0123-C4D5-E6F7A8B90123}"
EndProject
Project("{FAE04EC0-301F-11D3-BF4B-00C04F79EFBC}") = "ScvmBot.Modules.MorkBorg", "src\ScvmBot.Modules.MorkBorg\ScvmBot.Modules.MorkBorg.csproj", "{A7B8C9D0-E1F2-3456-A7B8-C9D0E1F23456}"
EndProject
Project("{FAE04EC0-301F-11D3-BF4B-00C04F79EFBC}") = "ScvmBot.Games.CyBorg", "src\ScvmBot.Games.CyBorg\ScvmBot.Games.CyBorg.csproj", "{D1E2F3A4-B5C6-7890-D1E2-F3A4B5C67890}"
EndProject
Project("{FAE04EC0-301F-11D3-BF4B-00C04F79EFBC}") = "ScvmBot.Modules.CyBorg", "src\ScvmBot.Modules.CyBorg\ScvmBot.Modules.CyBorg.csproj", "{E2F3A4B5-C6D7-8901-E2F3-A4B5C6D78901}"
EndProject
Project("{2150E333-8FDC-42A3-9474-1A3956D46DE8}") = "tests", "tests", "{C3D4E5F6-A7B8-9012-CDEF-123456789012}"
EndProject
Project("{FAE04EC0-301F-11D3-BF4B-00C04F79EFBC}") = "ScvmBot.Bot.Tests", "tests\ScvmBot.Bot.Tests\ScvmBot.Bot.Tests.csproj", "{D4E5F6A7-B8C9-0123-DEF0-234567890123}"
EndProject
Project("{FAE04EC0-301F-11D3-BF4B-00C04F79EFBC}") = "ScvmBot.Games.MorkBorg.Tests", "tests\ScvmBot.Games.MorkBorg.Tests\ScvmBot.Games.MorkBorg.Tests.csproj", "{1F2460F9-D5A3-444B-BAD0-29D63EAE6D78}"
EndProject
Project("{FAE04EC0-301F-11D3-BF4B-00C04F79EFBC}") = "ScvmBot.Games.MorkBorg.Pdf.Tests", "tests\ScvmBot.Games.MorkBorg.Pdf.Tests\ScvmBot.Games.MorkBorg.Pdf.Tests.csproj", "{B0C1D2E3-F4A5-6789-BCDE-F01234567890}"
EndProject
Project("{FAE04EC0-301F-11D3-BF4B-00C04F79EFBC}") = "ScvmBot.Tests.Shared", "tests\ScvmBot.Tests.Shared\ScvmBot.Tests.Shared.csproj", "{E1F2A3B4-C5D6-7890-1234-567890ABCDEF}"
EndProject

Project("{FAE04EC0-301F-11D3-BF4B-00C04F79EFBC}") = "ScvmBot.Cli.Tests", "tests\ScvmBot.Cli.Tests\ScvmBot.Cli.Tests.csproj", "{3AC9AB47-A499-4830-B013-660BE88C7D7C}"
EndProject
Project("{FAE04EC0-301F-11D3-BF4B-00C04F79EFBC}") = "ScvmBot.Games.CyBorg.Tests", "tests\ScvmBot.Games.CyBorg.Tests\ScvmBot.Games.CyBorg.Tests.csproj", "{F3A4B5C6-D7E8-9012-F3A4-B5C6D7E89012}"
EndProject
Global
	GlobalSection(SolutionConfigurationPlatforms) = preSolution
		Debug|Any CPU = Debug|Any CPU
		Debug|x64 = Debug|x64
		Debug|x86 = Debug|x86
		Release|Any CPU = Release|Any CPU
		Release|x64 = Release|x64
		Release|x86 = Release|x86
	EndGlobalSection
	GlobalSection(ProjectConfigurationPlatforms) = postSolution
		{B2C3D4E5-F6A7-8901-BCDE-F12345678901}.Debug|Any CPU.ActiveCfg = Debug|Any CPU
		{B2C3D4E5-F6A7-8901-BCDE-F12345678901}.Debug|Any CPU.Build.0 = Debug|Any CPU
		{B2C3D4E5-F6A7-8901-BCDE-F12345678901}.Debug|x64.ActiveCfg = Debug|Any CPU
		{B2C3D4E5-F6A7-8901-BCDE-F12345678901}.Debug|x64.Build.0 = Debug|Any CPU
		{B2C3D4E5-F6A7-8901-BCDE-F12345678901}.Debug|x86.ActiveCfg = Debug|Any CPU
		{B2C3D4E5-F6A7-8901-BCDE-F12345678901}.Debug|x86.Build.0 = Debug|Any CPU
		{B2C3D4E5-F6A7-8901-BCDE-F12345678901}.Release|Any CPU.ActiveCfg = Release|Any CPU
		{B2C3D4E5-F6A7-8901-BCDE-F12345678901}.Release|Any CPU.Build.0 = Release|Any CPU
		{B2C3D4E5-F6A7-8901-BCDE-F12345678901}.Release|x64.ActiveCfg = Release|Any CPU
		{B2C3D4E5-F6A7-8901-BCDE-F12345678901}.Release|x64.Build.0 = Release|Any CPU
		{B2C3D4E5-F6A7-8901-BCDE-F12345678901}.Release|x86.ActiveCfg = Release|Any CPU
		{B2C3D4E5-F6A7-8901-BCDE-F12345678901}.Release|x86.Build.0 = Release|Any CPU
		{F6A7B8C9-D0E1-2345-F012-456789012345}.Debug|Any CPU.ActiveCfg = Debug|Any CPU
		{F6A7B8C9-D0E1-2345-F012-456789012345}.Debug|Any CPU.Build.0 = Debug|Any CPU
		{F6A7B8C9-D0E1-2345-F012-456789012345}.Debug|x64.ActiveCfg = Debug|Any CPU
		{F6A7B8C9-D0E1-2345-F012-456789012345}.Debug|x64.Build.0 = Debug|Any CPU
		{F6A7B8C9-D0E1-2345-F012-456789012345}.Debug|x86.ActiveCfg = Debug|Any CPU
		{F6A7B8C9-D0E1-2345-F012-456789012345}.Debug|x86.Build.0 = Debug|Any CPU
		{F6A7B8C9-D0E1-2345-F012-456789012345}.Release|Any CPU.ActiveCfg = Release|Any CPU
		{F6A7B8C9-D0E1-2345-F012-456789012345}.Release|Any CPU.Build.0 = Release|Any CPU
		{F6A7B8C9-D0E1-2345-F012-456789012345}.Release|x64.ActiveCfg = Release|Any CPU
		{F6A7B8C9-D0E1-2345-F012-456789012345}.Release|x64.Build.0 = Release|Any CPU
		{F6A7B8C9-D0E1-2345-F012-456789012345}.Release|x86.ActiveCfg = Release|Any CPU
		{F6A7B8C9-D0E1-2345-F012-456789012345}.Release|x86.Build.0 = Release|Any CPU
		{A9B0C1D2-E3F4-5678-9ABC-DEF012345678}.Debug|Any CPU.ActiveCfg = Debug|Any CPU
		{A9B0C1D2-E3F4-5678-9ABC-DEF012345678}.Debug|Any CPU.Build.0 = Debug|Any CPU
		{A9B0C1D2-E3F4-5678-9ABC-DEF012345678}.Debug|x64.ActiveCfg = Debug|Any CPU
		{A9B0C1D2-E3F4-5678-9ABC-DEF012345678}.Debug|x64.Build.0 = Debug|Any CPU
		{A9B0C1D2-E3F4-5678-9ABC-DEF012345678}.Debug|x86.ActiveCfg = Debug|Any CPU
		{A9B0C1D2-E3F4-5678-9ABC-DEF012345678}.Debug|x86.Build.0 = Debug|Any CPU
		{A9B0C1D2-E3F4-5678-9ABC-DEF012345678}.Release|Any CPU.ActiveCfg = Release|Any CPU
		{A9B0C1D2-E3F4-5678-9ABC-DEF012345678}.Release|Any CPU.Build.0 = Release|Any CPU
		{A9B0C1D2-E3F4-5678-9ABC-DEF012345678}.Release|x64.ActiveCfg = Release|Any CPU
		{A9B0C1D2-E3F4-5678-9ABC-DEF012345678}.Release|x64.Build.0 = Release|Any CPU
		{A9B0C1D2-E3F4-5678-9ABC-DEF012345678}.Release|x86.ActiveCfg = Release|Any CPU
		{A9B0C1D2-E3F4-5678-9ABC-DEF012345678}.Release|x86.Build.0 = Release|Any CPU
		{C4D5E6F7-A8B9-0123-C4D5-E6F7A8B90123}.Debug|Any CPU.ActiveCfg = Debug|Any CPU
		{C4D5E6F7-A8B9-0123-C4D5-E6F7A8B90123}.Debug|Any CPU.Build.0 = Debug|Any CPU
		{C4D5E6F7-A8B9-0123-C4D5-E6F7A8B90123}.Debug|x64.ActiveCfg = Debug|Any CPU
		{C4D5E6F7-A8B9-0123-C4D5-E6F7A8B90123}.Debug|x64.Build.0 = Debug|Any CPU
		{C4D5E6F7-A8B9-0123-C4D5-E6F7A8B90123}.Debug|x86.ActiveCfg = Debug|Any CPU
		{C4D5E6F7-A8B9-0123-C4D5-E6F7A8B90123}.Debug|x86.Build.0 = Debug|Any CPU
		{C4D5E6F7-A8B9-0123-C4D5-E6F7A8B90123}.Release|Any CPU.ActiveCfg = Release|Any CPU
		{C4D5E6F7-A8B9-0123-C4D5-E6F7A8B90123}.Release|Any CPU.Build.0 = Release|Any CPU
		{C4D5E6F7-A8B9-0123-C4D5-E6F7A8B90123}.Release|x64.ActiveCfg = Release|Any CPU
		{C4D5E6F7-A8B9-0123-C4D5-E6F7A8B90123}.Release|x64.Build.0 = Release|Any CPU
		{C4D5E6F7-A8B9-0123-C4D5-E6F7A8B90123}.Release|x86.ActiveCfg = Release|Any CPU
		{C4D5E6F7-A8B9-0123-C4D5-E6F7A8B90123}.Release|x86.Build.0 = Release|Any CPU
		{A7B8C9D0-E1F2-3456-A7B8-C9D0E1F23456}.Debug|Any CPU.ActiveCfg = Debug|Any CPU
		{A7B8C9D0-E1F2-3456-A7B8-C9D0E1F23456}.Debug|Any CPU.Build.0 = Debug|Any CPU
		{A7B8C9D0-E1F2-3456-A7B8-C9D0E1F23456}.Debug|x64.ActiveCfg = Debug|Any CPU
		{A7B8C9D0-E1F2-3456-A7B8-C9D0E1F23456}.Debug|x64.Build.0 = Debug|Any CPU
		{A7B8C9D0-E1F2-3456-A7B8-C9D0E1F23456}.Debug|x86.ActiveCfg = Debug|Any CPU
		{A7B8C9D0-E1F2-3456-A7B8-C9D0E1F23456}.Debug|x86.Build.0 = Debug|Any CPU
		{A7B8C9D0-E1F2-3456-A7B8-C9D0E1F23456}.Release|Any CPU.ActiveCfg = Release|Any CPU
		{A7B8C9D0-E1F2-3456-A7B8-C9D0E1F23456}.Release|Any CPU.Build.0 = Release|Any CPU
		{A7B8C9D0-E1F2-3456-A7B8-C9D0E1F23456}.Release|x64.ActiveCfg = Release|Any CPU
		{A7B8C9D0-E1F2-3456-A7B8-C9D0E1F23456}.Release|x64.Build.0 = Release|Any CPU
		{A7B8C9D0-E1F2-3456-A7B8-C9D0E1F23456}.Release|x86.ActiveCfg = Release|Any CPU
		{A7B8C9D0-E1F2-3456-A7B8-C9D0E1F23456}.Release|x86.Build.0 = Release|Any CPU
		{D1E2F3A4-B5C6-7890-D1E2-F3A4B5C67890}.Debug|Any CPU.ActiveCfg = Debug|Any CPU
		{D1E2F3A4-B5C6-7890-D1E2-F3A4B5C67890}.Debug|Any CPU.Build.0 = Debug|Any CPU
		{D1E2F3A4-B5C6-7890-D1E2-F3A4B5C67890}.Debug|x64.ActiveCfg = Debug|Any CPU
		{D1E2F3A4-B5C6-7890-D1E2-F3A4B5C67890}.Debug|x64.Build.0 = Debug|Any CPU
		{D1E2F3A4-B5C6-7890-D1E2-F3A4B5C67890}.Debug|x86.ActiveCfg = Debug|Any CPU
		{D1E2F3A4-B5C6-7890-D1E2-F3A4B5C67890}.Debug|x86.Build.0 = Debug|Any CPU
		{D1E2F3A4-B5C6-7890-D1E2-F3A4B5C67890}.Release|Any CPU.ActiveCfg = Release|Any CPU
		{D1E2F3A4-B5C6-7890-D1E2-F3A4B5C67890}.Release|Any CPU.Build.0 = Release|Any CPU
		{D1E2F3A4-B5C6-7890-D1E2-F3A4B5C67890}.Release|x64.ActiveCfg = Release|Any CPU
		{D1E2F3A4-B5C6-7890-D1E2-F3A4B5C67890}.Release|x64.Build.0 = Release|Any CPU
		{D1E2F3A4-B5C6-7890-D1E2-F3A4B5C67890}.Release|x86.ActiveCfg = Release|Any CPU
		{D1E2F3A4-B5C6-7890-D1E2-F3A4B5C67890}.Release|x86.Build.0 = Release|Any CPU
		{E2F3A4B5-C6D7-8901-E2F3-A4B5C6D78901}.Debug|Any CPU.ActiveCfg = Debug|Any CPU
		{E2F3A4B5-C6D7-8901-E2F3-A4B5C6D78901}.Debug|Any CPU.Build.0 = Debug|Any CPU
		{E2F3A4B5-C6D7-8901-E2F3-A4B5C6D78901}.Debug|x64.ActiveCfg = Debug|Any CPU
		{E2F3A4B5-C6D7-8901-E2F3-A4B5C6D78901}.Debug|x64.Build.0 = Debug|Any CPU
		{E2F3A4B5-C6D7-8901-E2F3-A4B5C6D78901}.Debug|x86.ActiveCfg = Debug|Any CPU
		{E2F3A4B5-C6D7-8901-E2F3-A4B5C6D78901}.Debug|x86.Build.0 = Debug|Any CPU
		{E2F3A4B5-C6D7-8901-E2F3-A4B5C6D78901}.Release|Any CPU.ActiveCfg = Release|Any CPU
		{E2F3A4B5-C6D7-8901-E2F3-A4B5C6D78901}.Release|Any CPU.Build.0 = Release|Any CPU
		{E2F3A4B5-C6D7-8901-E2F3-A4B5C6D78901}.Release|x64.ActiveCfg = Release|Any CPU
		{E2F3A4B5-C6D7-8901-E2F3-A4B5C6D78901}.Release|x64.Build.0 = Release|Any CPU
		{E2F3A4B5-C6D7-8901-E2F3-A4B5C6D78901}.Release|x86.ActiveCfg = Release|Any CPU
		{E2F3A4B5-C6D7-8901-E2F3-A4B5C6D78901}.Release|x86.Build.0 = Release|Any CPU
		{F3A4B5C6-D7E8-9012-F3A4-B5C6D7E89012}.Debug|Any CPU.ActiveCfg = Debug|Any CPU
		{F3A4B5C6-D7E8-9012-F3A4-B5C6D7E89012}.Debug|Any CPU.Build.0 = Debug|Any CPU
		{F3A4B5C6-D7E8-9012-F3A4-B5C6D7E89012}.Debug|x64.ActiveCfg = Debug|Any CPU
		{F3A4B5C6-D7E8-9012-F3A4-B5C6D7E89012}.Debug|x64.Build.0 = Debug|Any CPU
		{F3A4B5C6-D7E8-9012-F3A4-B5C6D7E89012}.Debug|x86.ActiveCfg = Debug|Any CPU
		{F3A4B5C6-D7E8-9012-F3A4-B5C6D7E89012}.Debug|x86.Build.0 = Debug|Any CPU
		{F3A4B5C6-D7E8-9012-F3A4-B5C6D7E89012}.Release|Any CPU.ActiveCfg = Release|Any CPU
		{F3A4B5C6-D7E8-9012-F3A4-B5C6D7E89012}.Release|Any CPU.Build.0 = Release|Any CPU
		{F3A4B5C6-D7E8-9012-F3A4-B5C6D7E89012}.Release|x64.ActiveCfg = Release|Any CPU
		{F3A4B5C6-D7E8-9012-F3A4-B5C6D7E89012}.Release|x64.Build.0 = Release|Any CPU
		{F3A4B5C6-D7E8-9012-F3A4-B5C6D7E89012}.Release|x86.ActiveCfg = Release|Any CPU
		{F3A4B5C6-D7E8-9012-F3A4-B5C6D7E89012}.Release|x86.Build.0 = Release|Any CPU
		{D4E5F6A7-B8C9-0123-DEF0-234567890123}.Debug|Any CPU.ActiveCfg = Debug|Any CPU
		{D4E5F6A7-B8C9-0123-DEF0-234567890123}.Debug|Any CPU.Build.0 = Debug|Any CPU
		{D4E5F6A7-B8C9-0123-DEF0-234567890123}.Debug|x64.ActiveCfg = Debug|Any CPU
		{D4E5F6A7-B8C9-0123-DEF0-234567890123}.Debug|x64.Build.0 = Debug|Any CPU
		{D4E5F6A7-B8C9-0123-DEF0-234567890123}.Debug|x86.ActiveCfg = Debug|Any CPU
		{D4E5F6A7-B8C9-0123-DEF0-234567890123}.Debug|x86.Build.0 = Debug|Any CPU
		{D4E5F6A7-B8C9-0123-DEF0-234567890123}.Release|Any CPU.ActiveCfg = Release|Any CPU
		{D4E5F6A7-B8C9-0123-DEF0-234567890123}.Release|Any CPU.Build.0 = Release|Any CPU
		{D4E5F6A7-B8C9-0123-DEF0-234567890123}.Release|x64.ActiveCfg = Release|Any CPU
		{D4E5F6A7-B8C9-0123-DEF0-234567890123}.Release|x64.Build.0 = Release|Any CPU
		{D4E5F6A7-B8C9-0123-DEF0-234567890123}.Release|x86.ActiveCfg = Release|Any CPU
		{D4E5F6A7-B8C9-0123-DEF0-234567890123}.Release|x86.Build.0 = Release|Any CPU
		{1F2460F9-D5A3-444B-BAD0-29D63EAE6D78}.Debug|Any CPU.ActiveCfg = Debug|Any CPU
		{1F2460F9-D5A3-444B-BAD0-29D63EAE6D78}.Debug|Any CPU.Build.0 = Debug|Any CPU
		{1F2460F9-D5A3-444B-BAD0-29D63EAE6D78}.Debug|x64.ActiveCfg = Debug|Any CPU
		{1F2460F9-D5A3-444B-BAD0-29D63EAE6D78}.Debug|x64.Build.0 = Debug|Any CPU
		{1F2460F9-D5A3-444B-BAD0-29D63EAE6D78}.Debug|x86.ActiveCfg = Debug|Any CPU
		{1F2460F9-D5A3-444B-BAD0-29D63EAE6D78}.Debug|x86.Build.0 = Debug|Any CPU
		{1F2460F9-D5A3-444B-BAD0-29D63EAE6D78}.Release|Any CPU.ActiveCfg = Release|Any CPU
		{1F2460F9-D5A3-444B-BAD0-29D63EAE6D78}.Release|Any CPU.Build.0 = Release|Any CPU
		{1F2460F9-D5A3-444B-BAD0-29D63EAE6D78}.Release|x64.ActiveCfg = Release|Any CPU
		{1F2460F9-D5A3-444B-BAD0-29D63EAE6D78}.Release|x64.Build.0 = Release|Any CPU
		{1F2460F9-D5A3-444B-BAD0-29D63EAE6D78}.Release|x86.ActiveCfg = Release|Any CPU
		{1F2460F9-D5A3-444B-BAD0-29D63EAE6D78}.Release|x86.Build.0 = Release|Any CPU
		{B0C1D2E3-F4A5-6789-BCDE-F01234567890}.Debug|Any CPU.ActiveCfg = Debug|Any CPU
		{B0C1D2E3-F4A5-6789-BCDE-F01234567890}.Debug|Any CPU.Build.0 = Debug|Any CPU
		{B0C1D2E3-F4A5-6789-BCDE-F01234567890}.Debug|x64.ActiveCfg = Debug|Any CPU
		{B0C1D2E3-F4A5-6789-BCDE-F01234567890}.Debug|x64.Build.0 = Debug|Any CPU
		{B0C1D2E3-F4A5-6789-BCDE-F01234567890}.Debug|x86.ActiveCfg = Debug|Any CPU
		{B0C1D2E3-F4A5-6789-BCDE-F01234567890}.Debug|x86.Build.0 = Debug|Any CPU
		{B0C1D2E3-F4A5-6789-BCDE-F01234567890}.Release|Any CPU.ActiveCfg = Release|Any CPU
		{B0C1D2E3-F4A5-6789-BCDE-F01234567890}.Release|Any CPU.Build.0 = Release|Any CPU
		{B0C1D2E3-F4A5-6789-BCDE-F01234567890}.Release|x64.ActiveCfg = Release|Any CPU
		{B0C1D2E3-F4A5-6789-BCDE-F01234567890}.Release|x64.Build.0 = Release|Any CPU
		{B0C1D2E3-F4A5-6789-BCDE-F01234567890}.Release|x86.ActiveCfg = Release|Any CPU
		{B0C1D2E3-F4A5-6789-BCDE-F01234567890}.Release|x86.Build.0 = Release|Any CPU
		{E1F2A3B4-C5D6-7890-1234-567890ABCDEF}.Debug|Any CPU.ActiveCfg = Debug|Any CPU
		{E1F2A3B4-C5D6-7890-1234-567890ABCDEF}.Debug|Any CPU.Build.0 = Debug|Any CPU
		{E1F2A3B4-C5D6-7890-1234-567890ABCDEF}.Debug|x64.ActiveCfg = Debug|Any CPU
		{E1F2A3B4-C5D6-7890-1234-567890ABCDEF}.Debug|x64.Build.0 = Debug|Any CPU
		{E1F2A3B4-C5D6-7890-1234-567890ABCDEF}.Debug|x86.ActiveCfg = Debug|Any CPU
		{E1F2A3B4-C5D6-7890-1234-567890ABCDEF}.Debug|x86.Build.0 = Debug|Any CPU
		{E1F2A3B4-C5D6-7890-1234-567890ABCDEF}.Release|Any CPU.ActiveCfg = Release|Any CPU
		{E1F2A3B4-C5D6-7890-1234-567890ABCDEF}.Release|Any CPU.Build.0 = Release|Any CPU
		{E1F2A3B4-C5D6-7890-1234-567890ABCDEF}.Release|x64.ActiveCfg = Release|Any CPU
		{E1F2A3B4-C5D6-7890-1234-567890ABCDEF}.Release|x64.Build.0 = Release|Any CPU
		{E1F2A3B4-C5D6-7890-1234-567890ABCDEF}.Release|x86.ActiveCfg = Release|Any CPU
		{E1F2A3B4-C5D6-7890-1234-567890ABCDEF}.Release|x86.Build.0 = Release|Any CPU
		{B13888DA-B2D5-4201-9144-40FA24D3DA6A}.Debug|Any CPU.ActiveCfg = Debug|Any CPU
		{B13888DA-B2D5-4201-9144-40FA24D3DA6A}.Debug|Any CPU.Build.0 = Debug|Any CPU
		{B13888DA-B2D5-4201-9144-40FA24D3DA6A}.Debug|x64.ActiveCfg = Debug|Any CPU
		{B13888DA-B2D5-4201-9144-40FA24D3DA6A}.Debug|x64.Build.0 = Debug|Any CPU
		{B13888DA-B2D5-4201-9144-40FA24D3DA6A}.Debug|x86.ActiveCfg = Debug|Any CPU
		{B13888DA-B2D5-4201-9144-40FA24D3DA6A}.Debug|x86.Build.0 = Debug|Any CPU
		{B13888DA-B2D5-4201-9144-40FA24D3DA6A}.Release|Any CPU.ActiveCfg = Release|Any CPU
		{B13888DA-B2D5-4201-9144-40FA24D3DA6A}.Release|Any CPU.Build.0 = Release|Any CPU
		{B13888DA-B2D5-4201-9144-40FA24D3DA6A}.Release|x64.ActiveCfg = Release|Any CPU
		{B13888DA-B2D5-4201-9144-40FA24D3DA6A}.Release|x64.Build.0 = Release|Any CPU
		{B13888DA-B2D5-4201-9144-40FA24D3DA6A}.Release|x86.ActiveCfg = Release|Any CPU
		{B13888DA-B2D5-4201-9144-40FA24D3DA6A}.Release|x86.Build.0 = Release|Any CPU
		{3AC9AB47-A499-4830-B013-660BE88C7D7C}.Debug|Any CPU.ActiveCfg = Debug|Any CPU
		{3AC9AB47-A499-4830-B013-660BE88C7D7C}.Debug|Any CPU.Build.0 = Debug|Any CPU
		{3AC9AB47-A499-4830-B013-660BE88C7D7C}.Debug|x64.ActiveCfg = Debug|Any CPU
		{3AC9AB47-A499-4830-B013-660BE88C7D7C}.Debug|x64.Build.0 = Debug|Any CPU
		{3AC9AB47-A499-4830-B013-660BE88C7D7C}.Debug|x86.ActiveCfg = Debug|Any CPU
		{3AC9AB47-A499-4830-B013-660BE88C7D7C}.Debug|x86.Build.0 = Debug|Any CPU
		{3AC9AB47-A499-4830-B013-660BE88C7D7C}.Release|Any CPU.ActiveCfg = Release|Any CPU
		{3AC9AB47-A499-4830-B013-660BE88C7D7C}.Release|Any CPU.Build.0 = Release|Any CPU
		{3AC9AB47-A499-4830-B013-660BE88C7D7C}.Release|x64.ActiveCfg = Release|Any CPU
		{3AC9AB47-A499-4830-B013-660BE88C7D7C}.Release|x64.Build.0 = Release|Any CPU
		{3AC9AB47-A499-4830-B013-660BE88C7D7C}.Release|x86.ActiveCfg = Release|Any CPU
		{3AC9AB47-A499-4830-B013-660BE88C7D7C}.Release|x86.Build.0 = Release|Any CPU
	EndGlobalSection
	GlobalSection(SolutionProperties) = preSolution
		HideSolutionNode = FALSE
	EndGlobalSection
	GlobalSection(NestedProjects) = preSolution
		{B2C3D4E5-F6A7-8901-BCDE-F12345678901} = {A1B2C3D4-E5F6-7890-ABCD-EF1234567890}
		{B13888DA-B2D5-4201-9144-40FA24D3DA6A} = {A1B2C3D4-E5F6-7890-ABCD-EF1234567890}
		{F6A7B8C9-D0E1-2345-F012-456789012345} = {A1B2C3D4-E5F6-7890-ABCD-EF1234567890}
		{A9B0C1D2-E3F4-5678-9ABC-DEF012345678} = {A1B2C3D4-E5F6-7890-ABCD-EF1234567890}
		{C4D5E6F7-A8B9-0123-C4D5-E6F7A8B90123} = {A1B2C3D4-E5F6-7890-ABCD-EF1234567890}
		{A7B8C9D0-E1F2-3456-A7B8-C9D0E1F23456} = {A1B2C3D4-E5F6-7890-ABCD-EF1234567890}
		{D1E2F3A4-B5C6-7890-D1E2-F3A4B5C67890} = {A1B2C3D4-E5F6-7890-ABCD-EF1234567890}
		{E2F3A4B5-C6D7-8901-E2F3-A4B5C6D78901} = {A1B2C3D4-E5F6-7890-ABCD-EF1234567890}
		{D4E5F6A7-B8C9-0123-DEF0-234567890123} = {C3D4E5F6-A7B8-9012-CDEF-123456789012}
		{1F2460F9-D5A3-444B-BAD0-29D63EAE6D78} = {C3D4E5F6-A7B8-9012-CDEF-123456789012}
		{B0C1D2E3-F4A5-6789-BCDE-F01234567890} = {C3D4E5F6-A7B8-9012-CDEF-123456789012}
		{E1F2A3B4-C5D6-7890-1234-567890ABCDEF} = {C3D4E5F6-A7B8-9012-CDEF-123456789012}
		{3AC9AB47-A499-4830-B013-660BE88C7D7C} = {C3D4E5F6-A7B8-9012-CDEF-123456789012}
		{F3A4B5C6-D7E8-9012-F3A4-B5C6D7E89012} = {C3D4E5F6-A7B8-9012-CDEF-123456789012}
	EndGlobalSection
EndGlobal
